
Microsoft Visual Studio Solution File, Format Version 12.00
# Visual Studio 16
Project("{FAE04EC0-301F-11D3-BF4B-00C04F79EFBC}") = "Assembly-CSharp", "Assembly-CSharp.csproj", "{11A39481-38FA-6A01-10BF-BAAF33B1EA24}"
EndProject
Project("{FAE04EC0-301F-11D3-BF4B-00C04F79EFBC}") = "Assembly-CSharp-Editor", "Assembly-CSharp-Editor.csproj", "{8ECC8CC2-939B-F2D7-B207-55318310D5C5}"
EndProject
Global
	GlobalSection(SolutionConfigurationPlatforms) = preSolution
		Debug|Any CPU = Debug|Any CPU
		Release|Any CPU = Release|Any CPU
	EndGlobalSection
	GlobalSection(ProjectConfigurationPlatforms) = postSolution
		{11A39481-38FA-6A01-10BF-BAAF33B1EA24}.Debug|Any CPU.ActiveCfg = Debug|Any CPU
		{11A39481-38FA-6A01-10BF-BAAF33B1EA24}.Debug|Any CPU.Build.0 = Debug|Any CPU
		{11A39481-38FA-6A01-10BF-BAAF33B1EA24}.Release|Any CPU.ActiveCfg = Release|Any CPU
		{11A39481-38FA-6A01-10BF-BAAF33B1EA24}.Release|Any CPU.Build.0 = Release|Any CPU
		{8ECC8CC2-939B-F2D7-B207-55318310D5C5}.Debug|Any CPU.ActiveCfg = Debug|Any CPU
		{8ECC8CC2-939B-F2D7-B207-55318310D5C5}.Debug|Any CPU.Build.0 = Debug|Any CPU
		{8ECC8CC2-939B-F2D7-B207-55318310D5C5}.Release|Any CPU.ActiveCfg = Release|Any CPU
		{8ECC8CC2-939B-F2D7-B207-55318310D5C5}.Release|Any CPU.Build.0 = Release|Any CPU
	EndGlobalSection
	GlobalSection(SolutionProperties) = preSolution
		HideSolutionNode = FALSE
	EndGlobalSection
EndGlobal
